
Microsoft Visual Studio Solution File, Format Version 12.00
# Visual Studio Version 17
VisualStudioVersion = 17.2.32519.379
MinimumVisualStudioVersion = 10.0.40219.1
Project("{FAE04EC0-301F-11D3-BF4B-00C04F79EFBC}") = "WinFormsApp1", "WinFormsApp1\WinFormsApp1.csproj", "{384E17ED-1328-4ED6-A94E-44759CC35182}"
EndProject
Global
	GlobalSection(SolutionConfigurationPlatforms) = preSolution
		Debug|Any CPU = Debug|Any CPU
		Release|Any CPU = Release|Any CPU
	EndGlobalSection
	GlobalSection(ProjectConfigurationPlatforms) = postSolution
		{384E17ED-1328-4ED6-A94E-44759CC35182}.Debug|Any CPU.ActiveCfg = Debug|Any CPU
		{384E17ED-1328-4ED6-A94E-44759CC35182}.Debug|Any CPU.Build.0 = Debug|Any CPU
		{384E17ED-1328-4ED6-A94E-44759CC35182}.Release|Any CPU.ActiveCfg = Release|Any CPU
		{384E17ED-1328-4ED6-A94E-44759CC35182}.Release|Any CPU.Build.0 = Release|Any CPU
	EndGlobalSection
	GlobalSection(SolutionProperties) = preSolution
		HideSolutionNode = FALSE
	EndGlobalSection
	GlobalSection(ExtensibilityGlobals) = postSolution
		SolutionGuid = {067FEB84-90A6-4CFC-952C-E2A9559F98B7}
	EndGlobalSection
EndGlobal
